
Microsoft Visual Studio Solution File, Format Version 12.00
# Visual Studio Version 17
VisualStudioVersion = 17.0.32112.339
MinimumVisualStudioVersion = 10.0.40219.1
Project("{FAE04EC0-301F-11D3-BF4B-00C04F79EFBC}") = "AWS-Training-01", "AWS-Training-01\AWS-Training-01.csproj", "{6DDE9C54-20A6-415C-B7B5-95D63D673148}"
EndProject
Global
	GlobalSection(SolutionConfigurationPlatforms) = preSolution
		Debug|Any CPU = Debug|Any CPU
		Release|Any CPU = Release|Any CPU
	EndGlobalSection
	GlobalSection(ProjectConfigurationPlatforms) = postSolution
		{6DDE9C54-20A6-415C-B7B5-95D63D673148}.Debug|Any CPU.ActiveCfg = Debug|Any CPU
		{6DDE9C54-20A6-415C-B7B5-95D63D673148}.Debug|Any CPU.Build.0 = Debug|Any CPU
		{6DDE9C54-20A6-415C-B7B5-95D63D673148}.Release|Any CPU.ActiveCfg = Release|Any CPU
		{6DDE9C54-20A6-415C-B7B5-95D63D673148}.Release|Any CPU.Build.0 = Release|Any CPU
	EndGlobalSection
	GlobalSection(SolutionProperties) = preSolution
		HideSolutionNode = FALSE
	EndGlobalSection
	GlobalSection(ExtensibilityGlobals) = postSolution
		SolutionGuid = {0EC29457-CECA-4EA5-94D0-6BE5FC06259F}
	EndGlobalSection
EndGlobal
